
Microsoft Visual Studio Solution File, Format Version 12.00
# Visual Studio 15
VisualStudioVersion = 15.0.28010.2041
MinimumVisualStudioVersion = 10.0.40219.1
Project("{FAE04EC0-301F-11D3-BF4B-00C04F79EFBC}") = "ConsoleApp1", "ConsoleApp1\ConsoleApp1.csproj", "{227F3DB6-9BC5-4E22-A58D-70FFDC54D1CB}"
EndProject
Global
	GlobalSection(SolutionConfigurationPlatforms) = preSolution
		Debug|Any CPU = Debug|Any CPU
		Debug|ARM = Debug|ARM
		Debug|x64 = Debug|x64
		Debug|x86 = Debug|x86
		Release|Any CPU = Release|Any CPU
		Release|ARM = Release|ARM
		Release|x64 = Release|x64
		Release|x86 = Release|x86
	EndGlobalSection
	GlobalSection(ProjectConfigurationPlatforms) = postSolution
		{227F3DB6-9BC5-4E22-A58D-70FFDC54D1CB}.Debug|Any CPU.ActiveCfg = Debug|Any CPU
		{227F3DB6-9BC5-4E22-A58D-70FFDC54D1CB}.Debug|Any CPU.Build.0 = Debug|Any CPU
		{227F3DB6-9BC5-4E22-A58D-70FFDC54D1CB}.Debug|ARM.ActiveCfg = Debug|Any CPU
		{227F3DB6-9BC5-4E22-A58D-70FFDC54D1CB}.Debug|ARM.Build.0 = Debug|Any CPU
		{227F3DB6-9BC5-4E22-A58D-70FFDC54D1CB}.Debug|x64.ActiveCfg = Debug|Any CPU
		{227F3DB6-9BC5-4E22-A58D-70FFDC54D1CB}.Debug|x64.Build.0 = Debug|Any CPU
		{227F3DB6-9BC5-4E22-A58D-70FFDC54D1CB}.Debug|x86.ActiveCfg = Debug|Any CPU
		{227F3DB6-9BC5-4E22-A58D-70FFDC54D1CB}.Debug|x86.Build.0 = Debug|Any CPU
		{227F3DB6-9BC5-4E22-A58D-70FFDC54D1CB}.Release|Any CPU.ActiveCfg = Release|Any CPU
		{227F3DB6-9BC5-4E22-A58D-70FFDC54D1CB}.Release|Any CPU.Build.0 = Release|Any CPU
		{227F3DB6-9BC5-4E22-A58D-70FFDC54D1CB}.Release|ARM.ActiveCfg = Release|Any CPU
		{227F3DB6-9BC5-4E22-A58D-70FFDC54D1CB}.Release|ARM.Build.0 = Release|Any CPU
		{227F3DB6-9BC5-4E22-A58D-70FFDC54D1CB}.Release|x64.ActiveCfg = Release|Any CPU
		{227F3DB6-9BC5-4E22-A58D-70FFDC54D1CB}.Release|x64.Build.0 = Release|Any CPU
		{227F3DB6-9BC5-4E22-A58D-70FFDC54D1CB}.Release|x86.ActiveCfg = Release|Any CPU
		{227F3DB6-9BC5-4E22-A58D-70FFDC54D1CB}.Release|x86.Build.0 = Release|Any CPU
	EndGlobalSection
	GlobalSection(SolutionProperties) = preSolution
		HideSolutionNode = FALSE
	EndGlobalSection
	GlobalSection(ExtensibilityGlobals) = postSolution
		SolutionGuid = {C5A325AA-F911-4502-BFC8-59E18034EF9A}
	EndGlobalSection
EndGlobal
